
Microsoft Visual Studio Solution File, Format Version 12.00
# Visual Studio Version 17
VisualStudioVersion = 17.9.34714.143
MinimumVisualStudioVersion = 10.0.40219.1
Project("{FAE04EC0-301F-11D3-BF4B-00C04F79EFBC}") = "GoogleWebScrapperService", "GoogleWebScrapperService\GoogleWebScrapperService.csproj", "{3BBBEE80-A75B-40E3-A33A-11E96AC59726}"
EndProject
Project("{FAE04EC0-301F-11D3-BF4B-00C04F79EFBC}") = "SearchResultWriteService", "SearchWriteService\SearchResultWriteService.csproj", "{CF1720CA-402C-43C0-9187-F847A4763180}"
EndProject
Project("{FAE04EC0-301F-11D3-BF4B-00C04F79EFBC}") = "SearchResultReadService", "SearchReadService\SearchResultReadService.csproj", "{2B9AF230-8A37-463A-91C5-CF2CB628C1CB}"
EndProject
Global
	GlobalSection(SolutionConfigurationPlatforms) = preSolution
		Debug|Any CPU = Debug|Any CPU
		Release|Any CPU = Release|Any CPU
	EndGlobalSection
	GlobalSection(ProjectConfigurationPlatforms) = postSolution
		{3BBBEE80-A75B-40E3-A33A-11E96AC59726}.Debug|Any CPU.ActiveCfg = Debug|Any CPU
		{3BBBEE80-A75B-40E3-A33A-11E96AC59726}.Debug|Any CPU.Build.0 = Debug|Any CPU
		{3BBBEE80-A75B-40E3-A33A-11E96AC59726}.Release|Any CPU.ActiveCfg = Release|Any CPU
		{3BBBEE80-A75B-40E3-A33A-11E96AC59726}.Release|Any CPU.Build.0 = Release|Any CPU
		{CF1720CA-402C-43C0-9187-F847A4763180}.Debug|Any CPU.ActiveCfg = Debug|Any CPU
		{CF1720CA-402C-43C0-9187-F847A4763180}.Debug|Any CPU.Build.0 = Debug|Any CPU
		{CF1720CA-402C-43C0-9187-F847A4763180}.Release|Any CPU.ActiveCfg = Release|Any CPU
		{CF1720CA-402C-43C0-9187-F847A4763180}.Release|Any CPU.Build.0 = Release|Any CPU
		{2B9AF230-8A37-463A-91C5-CF2CB628C1CB}.Debug|Any CPU.ActiveCfg = Debug|Any CPU
		{2B9AF230-8A37-463A-91C5-CF2CB628C1CB}.Debug|Any CPU.Build.0 = Debug|Any CPU
		{2B9AF230-8A37-463A-91C5-CF2CB628C1CB}.Release|Any CPU.ActiveCfg = Release|Any CPU
		{2B9AF230-8A37-463A-91C5-CF2CB628C1CB}.Release|Any CPU.Build.0 = Release|Any CPU
	EndGlobalSection
	GlobalSection(SolutionProperties) = preSolution
		HideSolutionNode = FALSE
	EndGlobalSection
	GlobalSection(ExtensibilityGlobals) = postSolution
		SolutionGuid = {FEA742DB-2642-4518-A0F1-37EA71FC4B89}
	EndGlobalSection
EndGlobal
